# THIS IS AN AUTOGENERATED FILE. DO NOT EDIT THIS FILE DIRECTLY.
# yarn lockfile v1


"@types/node@^24.3.1":
  version "24.3.1"
  resolved "https://registry.yarnpkg.com/@types/node/-/node-24.3.1.tgz#b0a3fb2afed0ef98e8d7f06d46ef6349047709f3"
  integrity sha512-3vXmQDXy+woz+gnrTvuvNrPzekOi+Ds0ReMxw0LzBiK3a+1k0kQn9f2NWk+lgD4rJehFUmYy2gMhJ2ZI+7YP9g==
  dependencies:
    undici-types "~7.10.0"

adm-zip@^0.5.16:
  version "0.5.16"
  resolved "https://registry.yarnpkg.com/adm-zip/-/adm-zip-0.5.16.tgz#0b5e4c779f07dedea5805cdccb1147071d94a909"
  integrity sha512-TGw5yVi4saajsSEgz25grObGHEUaDrniwvA2qwSC060KfqGPdglhvPMA2lPIoxs3PQIItj2iag35fONcQqgUaQ==

jsonc-parser@^3.3.1:
  version "3.3.1"
  resolved "https://registry.yarnpkg.com/jsonc-parser/-/jsonc-parser-3.3.1.tgz#f2a524b4f7fd11e3d791e559977ad60b98b798b4"
  integrity sha512-HUgH65KyejrUFPvHFPbqOY0rsFip3Bo5wb4ngvdi1EpCYWUQDC5V+Y7mZws+DLkr4M//zQJoanu1SP+87Dv1oQ==

jsonui-scripting@^2.3.3:
  version "2.3.3"
  resolved "https://registry.yarnpkg.com/jsonui-scripting/-/jsonui-scripting-2.3.3.tgz#e6fed67003334af04ae04723aa2297dfdc1c7c5a"
  integrity sha512-58pWfOOJbAWZ6AfyaLRq0/EzKI+SvT/wz/orSbJUqktNCRNMCDccVQYjIFi1dtlNg5jrCTLWIIlvJNL08ZJKTg==
  dependencies:
    adm-zip "^0.5.16"
    jsonc-parser "^3.3.1"

undici-types@~7.10.0:
  version "7.10.0"
  resolved "https://registry.yarnpkg.com/undici-types/-/undici-types-7.10.0.tgz#4ac2e058ce56b462b056e629cc6a02393d3ff350"
  integrity sha512-t5Fy/nfn+14LuOc2KNYg75vZqClpAiqscVvMygNnlsHBFpSXdJaYtXMcdNLpl/Qvc3P2cB3s6lOV51nqsFq4ag==
